// !$*UTF8*$!
{
	archiveVersion = 1;
	classes = {
	};
	objectVersion = 50;
	objects = {

/* Begin PBXBuildFile section */
		522937C423862D2A00D330F9 /* AppDelegate.swift in Sources */ = {isa = PBXBuildFile; fileRef = 522937C323862D2A00D330F9 /* AppDelegate.swift */; };
		522937C623862D2A00D330F9 /* ViewController.swift in Sources */ = {isa = PBXBuildFile; fileRef = 522937C523862D2A00D330F9 /* ViewController.swift */; };
		522937C923862D2A00D330F9 /* Main.storyboard in Resources */ = {isa = PBXBuildFile; fileRef = 522937C723862D2A00D330F9 /* Main.storyboard */; };
		522937CC23862D2A00D330F9 /* SwiftLearning.xcdatamodeld in Sources */ = {isa = PBXBuildFile; fileRef = 522937CA23862D2A00D330F9 /* SwiftLearning.xcdatamodeld */; };
		522937CE23862D2B00D330F9 /* Assets.xcassets in Resources */ = {isa = PBXBuildFile; fileRef = 522937CD23862D2B00D330F9 /* Assets.xcassets */; };
		522937D123862D2B00D330F9 /* LaunchScreen.storyboard in Resources */ = {isa = PBXBuildFile; fileRef = 522937CF23862D2B00D330F9 /* LaunchScreen.storyboard */; };
		522937DC23862D2B00D330F9 /* SwiftLearningTests.swift in Sources */ = {isa = PBXBuildFile; fileRef = 522937DB23862D2B00D330F9 /* SwiftLearningTests.swift */; };
		522937E723862D2B00D330F9 /* SwiftLearningUITests.swift in Sources */ = {isa = PBXBuildFile; fileRef = 522937E623862D2B00D330F9 /* SwiftLearningUITests.swift */; };
/* End PBXBuildFile section */

/* Begin PBXContainerItemProxy section */
		522937D823862D2B00D330F9 /* PBXContainerItemProxy */ = {
			isa = PBXContainerItemProxy;
			containerPortal = 522937B823862D2A00D330F9 /* Project object */;
			proxyType = 1;
			remoteGlobalIDString = 522937BF23862D2A00D330F9;
			remoteInfo = SwiftLearning;
		};
		522937E323862D2B00D330F9 /* PBXContainerItemProxy */ = {
			isa = PBXContainerItemProxy;
			containerPortal = 522937B823862D2A00D330F9 /* Project object */;
			proxyType = 1;
			remoteGlobalIDString = 522937BF23862D2A00D330F9;
			remoteInfo = SwiftLearning;
		};
/* End PBXContainerItemProxy section */

/* Begin PBXFileReference section */
		522937C023862D2A00D330F9 /* SwiftLearning.app */ = {isa = PBXFileReference; explicitFileType = wrapper.application; includeInIndex = 0; path = SwiftLearning.app; sourceTree = BUILT_PRODUCTS_DIR; };
		522937C323862D2A00D330F9 /* AppDelegate.swift */ = {isa = PBXFileReference; lastKnownFileType = sourcecode.swift; path = AppDelegate.swift; sourceTree = "<group>"; };
		522937C523862D2A00D330F9 /* ViewController.swift */ = {isa = PBXFileReference; lastKnownFileType = sourcecode.swift; path = ViewController.swift; sourceTree = "<group>"; };
		522937C823862D2A00D330F9 /* Base */ = {isa = PBXFileReference; lastKnownFileType = file.storyboard; name = Base; path = Base.lproj/Main.storyboard; sourceTree = "<group>"; };
		522937CB23862D2A00D330F9 /* SwiftLearning.xcdatamodel */ = {isa = PBXFileReference; lastKnownFileType = wrapper.xcdatamodel; path = SwiftLearning.xcdatamodel; sourceTree = "<group>"; };
		522937CD23862D2B00D330F9 /* Assets.xcassets */ = {isa = PBXFileReference; lastKnownFileType = folder.assetcatalog; path = Assets.xcassets; sourceTree = "<group>"; };
		522937D023862D2B00D330F9 /* Base */ = {isa = PBXFileReference; lastKnownFileType = file.storyboard; name = Base; path = Base.lproj/LaunchScreen.storyboard; sourceTree = "<group>"; };
		522937D223862D2B00D330F9 /* Info.plist */ = {isa = PBXFileReference; lastKnownFileType = text.plist.xml; path = Info.plist; sourceTree = "<group>"; };
		522937D723862D2B00D330F9 /* SwiftLearningTests.xctest */ = {isa = PBXFileReference; explicitFileType = wrapper.cfbundle; includeInIndex = 0; path = SwiftLearningTests.xctest; sourceTree = BUILT_PRODUCTS_DIR; };
		522937DB23862D2B00D330F9 /* SwiftLearningTests.swift */ = {isa = PBXFileReference; lastKnownFileType = sourcecode.swift; path = SwiftLearningTests.swift; sourceTree = "<group>"; };
		522937DD23862D2B00D330F9 /* Info.plist */ = {isa = PBXFileReference; lastKnownFileType = text.plist.xml; path = Info.plist; sourceTree = "<group>"; };
		522937E223862D2B00D330F9 /* SwiftLearningUITests.xctest */ = {isa = PBXFileReference; explicitFileType = wrapper.cfbundle; includeInIndex = 0; path = SwiftLearningUITests.xctest; sourceTree = BUILT_PRODUCTS_DIR; };
		522937E623862D2B00D330F9 /* SwiftLearningUITests.swift */ = {isa = PBXFileReference; lastKnownFileType = sourcecode.swift; path = SwiftLearningUITests.swift; sourceTree = "<group>"; };
		522937E823862D2B00D330F9 /* Info.plist */ = {isa = PBXFileReference; lastKnownFileType = text.plist.xml; path = Info.plist; sourceTree = "<group>"; };
/* End PBXFileReference section */

/* Begin PBXFrameworksBuildPhase section */
		522937BD23862D2A00D330F9 /* Frameworks */ = {
			isa = PBXFrameworksBuildPhase;
			buildActionMask = 2147483647;
			files = (
			);
			runOnlyForDeploymentPostprocessing = 0;
		};
		522937D423862D2B00D330F9 /* Frameworks */ = {
			isa = PBXFrameworksBuildPhase;
			buildActionMask = 2147483647;
			files = (
			);
			runOnlyForDeploymentPostprocessing = 0;
		};
		522937DF23862D2B00D330F9 /* Frameworks */ = {
			isa = PBXFrameworksBuildPhase;
			buildActionMask = 2147483647;
			files = (
			);
			runOnlyForDeploymentPostprocessing = 0;
		};
/* End PBXFrameworksBuildPhase section */

/* Begin PBXGroup section */
		522937B723862D2A00D330F9 = {
			isa = PBXGroup;
			children = (
				522937C223862D2A00D330F9 /* SwiftLearning */,
				522937DA23862D2B00D330F9 /* SwiftLearningTests */,
				522937E523862D2B00D330F9 /* SwiftLearningUITests */,
				522937C123862D2A00D330F9 /* Products */,
			);
			sourceTree = "<group>";
		};
		522937C123862D2A00D330F9 /* Products */ = {
			isa = PBXGroup;
			children = (
				522937C023862D2A00D330F9 /* SwiftLearning.app */,
				522937D723862D2B00D330F9 /* SwiftLearningTests.xctest */,
				522937E223862D2B00D330F9 /* SwiftLearningUITests.xctest */,
			);
			name = Products;
			sourceTree = "<group>";
		};
		522937C223862D2A00D330F9 /* SwiftLearning */ = {
			isa = PBXGroup;
			children = (
				522937C323862D2A00D330F9 /* AppDelegate.swift */,
				522937C523862D2A00D330F9 /* ViewController.swift */,
				522937C723862D2A00D330F9 /* Main.storyboard */,
				522937CD23862D2B00D330F9 /* Assets.xcassets */,
				522937CF23862D2B00D330F9 /* LaunchScreen.storyboard */,
				522937D223862D2B00D330F9 /* Info.plist */,
				522937CA23862D2A00D330F9 /* SwiftLearning.xcdatamodeld */,
			);
			path = SwiftLearning;
			sourceTree = "<group>";
		};
		522937DA23862D2B00D330F9 /* SwiftLearningTests */ = {
			isa = PBXGroup;
			children = (
				522937DB23862D2B00D330F9 /* SwiftLearningTests.swift */,
				522937DD23862D2B00D330F9 /* Info.plist */,
			);
			path = SwiftLearningTests;
			sourceTree = "<group>";
		};
		522937E523862D2B00D330F9 /* SwiftLearningUITests */ = {
			isa = PBXGroup;
			children = (
				522937E623862D2B00D330F9 /* SwiftLearningUITests.swift */,
				522937E823862D2B00D330F9 /* Info.plist */,
			);
			path = SwiftLearningUITests;
			sourceTree = "<group>";
		};
/* End PBXGroup section */

/* Begin PBXNativeTarget section */
		522937BF23862D2A00D330F9 /* SwiftLearning */ = {
			isa = PBXNativeTarget;
			buildConfigurationList = 522937EB23862D2B00D330F9 /* Build configuration list for PBXNativeTarget "SwiftLearning" */;
			buildPhases = (
				522937BC23862D2A00D330F9 /* Sources */,
				522937BD23862D2A00D330F9 /* Frameworks */,
				522937BE23862D2A00D330F9 /* Resources */,
			);
			buildRules = (
			);
			dependencies = (
			);
			name = SwiftLearning;
			productName = SwiftLearning;
			productReference = 522937C023862D2A00D330F9 /* SwiftLearning.app */;
			productType = "com.apple.product-type.application";
		};
		522937D623862D2B00D330F9 /* SwiftLearningTests */ = {
			isa = PBXNativeTarget;
			buildConfigurationList = 522937EE23862D2B00D330F9 /* Build configuration list for PBXNativeTarget "SwiftLearningTests" */;
			buildPhases = (
				522937D323862D2B00D330F9 /* Sources */,
				522937D423862D2B00D330F9 /* Frameworks */,
				522937D523862D2B00D330F9 /* Resources */,
			);
			buildRules = (
			);
			dependencies = (
				522937D923862D2B00D330F9 /* PBXTargetDependency */,
			);
			name = SwiftLearningTests;
			productName = SwiftLearningTests;
			productReference = 522937D723862D2B00D330F9 /* SwiftLearningTests.xctest */;
			productType = "com.apple.product-type.bundle.unit-test";
		};
		522937E123862D2B00D330F9 /* SwiftLearningUITests */ = {
			isa = PBXNativeTarget;
			buildConfigurationList = 522937F123862D2B00D330F9 /* Build configuration list for PBXNativeTarget "SwiftLearningUITests" */;
			buildPhases = (
				522937DE23862D2B00D330F9 /* Sources */,
				522937DF23862D2B00D330F9 /* Frameworks */,
				522937E023862D2B00D330F9 /* Resources */,
			);
			buildRules = (
			);
			dependencies = (
				522937E423862D2B00D330F9 /* PBXTargetDependency */,
			);
			name = SwiftLearningUITests;
			productName = SwiftLearningUITests;
			productReference = 522937E223862D2B00D330F9 /* SwiftLearningUITests.xctest */;
			productType = "com.apple.product-type.bundle.ui-testing";
		};
/* End PBXNativeTarget section */

/* Begin PBXProject section */
		522937B823862D2A00D330F9 /* Project object */ = {
			isa = PBXProject;
			attributes = {
				LastSwiftUpdateCheck = 1000;
				LastUpgradeCheck = 1000;
				ORGANIZATIONNAME = Krishna;
				TargetAttributes = {
					522937BF23862D2A00D330F9 = {
						CreatedOnToolsVersion = 10.0;
					};
					522937D623862D2B00D330F9 = {
						CreatedOnToolsVersion = 10.0;
						TestTargetID = 522937BF23862D2A00D330F9;
					};
					522937E123862D2B00D330F9 = {
						CreatedOnToolsVersion = 10.0;
						TestTargetID = 522937BF23862D2A00D330F9;
					};
				};
			};
			buildConfigurationList = 522937BB23862D2A00D330F9 /* Build configuration list for PBXProject "SwiftLearning" */;
			compatibilityVersion = "Xcode 9.3";
			developmentRegion = en;
			hasScannedForEncodings = 0;
			knownRegions = (
				en,
				Base,
			);
			mainGroup = 522937B723862D2A00D330F9;
			productRefGroup = 522937C123862D2A00D330F9 /* Products */;
			projectDirPath = "";
			projectRoot = "";
			targets = (
				522937BF23862D2A00D330F9 /* SwiftLearning */,
				522937D623862D2B00D330F9 /* SwiftLearningTests */,
				522937E123862D2B00D330F9 /* SwiftLearningUITests */,
			);
		};
/* End PBXProject section */

/* Begin PBXResourcesBuildPhase section */
		522937BE23862D2A00D330F9 /* Resources */ = {
			isa = PBXResourcesBuildPhase;
			buildActionMask = 2147483647;
			files = (
				522937D123862D2B00D330F9 /* LaunchScreen.storyboard in Resources */,
				522937CE23862D2B00D330F9 /* Assets.xcassets in Resources */,
				522937C923862D2A00D330F9 /* Main.storyboard in Resources */,
			);
			runOnlyForDeploymentPostprocessing = 0;
		};
		522937D523862D2B00D330F9 /* Resources */ = {
			isa = PBXResourcesBuildPhase;
			buildActionMask = 2147483647;
			files = (
			);
			runOnlyForDeploymentPostprocessing = 0;
		};
		522937E023862D2B00D330F9 /* Resources */ = {
			isa = PBXResourcesBuildPhase;
			buildActionMask = 2147483647;
			files = (
			);
			runOnlyForDeploymentPostprocessing = 0;
		};
/* End PBXResourcesBuildPhase section */

/* Begin PBXSourcesBuildPhase section */
		522937BC23862D2A00D330F9 /* Sources */ = {
			isa = PBXSourcesBuildPhase;
			buildActionMask = 2147483647;
			files = (
				522937C623862D2A00D330F9 /* ViewController.swift in Sources */,
				522937CC23862D2A00D330F9 /* SwiftLearning.xcdatamodeld in Sources */,
				522937C423862D2A00D330F9 /* AppDelegate.swift in Sources */,
			);
			runOnlyForDeploymentPostprocessing = 0;
		};
		522937D323862D2B00D330F9 /* Sources */ = {
			isa = PBXSourcesBuildPhase;
			buildActionMask = 2147483647;
			files = (
				522937DC23862D2B00D330F9 /* SwiftLearningTests.swift in Sources */,
			);
			runOnlyForDeploymentPostprocessing = 0;
		};
		522937DE23862D2B00D330F9 /* Sources */ = {
			isa = PBXSourcesBuildPhase;
			buildActionMask = 2147483647;
			files = (
				522937E723862D2B00D330F9 /* SwiftLearningUITests.swift in Sources */,
			);
			runOnlyForDeploymentPostprocessing = 0;
		};
/* End PBXSourcesBuildPhase section */

/* Begin PBXTargetDependency section */
		522937D923862D2B00D330F9 /* PBXTargetDependency */ = {
			isa = PBXTargetDependency;
			target = 522937BF23862D2A00D330F9 /* SwiftLearning */;
			targetProxy = 522937D823862D2B00D330F9 /* PBXContainerItemProxy */;
		};
		522937E423862D2B00D330F9 /* PBXTargetDependency */ = {
			isa = PBXTargetDependency;
			target = 522937BF23862D2A00D330F9 /* SwiftLearning */;
			targetProxy = 522937E323862D2B00D330F9 /* PBXContainerItemProxy */;
		};
/* End PBXTargetDependency section */

/* Begin PBXVariantGroup section */
		522937C723862D2A00D330F9 /* Main.storyboard */ = {
			isa = PBXVariantGroup;
			children = (
				522937C823862D2A00D330F9 /* Base */,
			);
			name = Main.storyboard;
			sourceTree = "<group>";
		};
		522937CF23862D2B00D330F9 /* LaunchScreen.storyboard */ = {
			isa = PBXVariantGroup;
			children = (
				522937D023862D2B00D330F9 /* Base */,
			);
			name = LaunchScreen.storyboard;
			sourceTree = "<group>";
		};
/* End PBXVariantGroup section */

/* Begin XCBuildConfiguration section */
		522937E923862D2B00D330F9 /* Debug */ = {
			isa = XCBuildConfiguration;
			buildSettings = {
				ALWAYS_SEARCH_USER_PATHS = NO;
				CLANG_ANALYZER_NONNULL = YES;
				CLANG_ANALYZER_NUMBER_OBJECT_CONVERSION = YES_AGGRESSIVE;
				CLANG_CXX_LANGUAGE_STANDARD = "gnu++14";
				CLANG_CXX_LIBRARY = "libc++";
				CLANG_ENABLE_MODULES = YES;
				CLANG_ENABLE_OBJC_ARC = YES;
				CLANG_ENABLE_OBJC_WEAK = YES;
				CLANG_WARN_BLOCK_CAPTURE_AUTORELEASING = YES;
				CLANG_WARN_BOOL_CONVERSION = YES;
				CLANG_WARN_COMMA = YES;
				CLANG_WARN_CONSTANT_CONVERSION = YES;
				CLANG_WARN_DEPRECATED_OBJC_IMPLEMENTATIONS = YES;
				CLANG_WARN_DIRECT_OBJC_ISA_USAGE = YES_ERROR;
				CLANG_WARN_DOCUMENTATION_COMMENTS = YES;
				CLANG_WARN_EMPTY_BODY = YES;
				CLANG_WARN_ENUM_CONVERSION = YES;
				CLANG_WARN_INFINITE_RECURSION = YES;
				CLANG_WARN_INT_CONVERSION = YES;
				CLANG_WARN_NON_LITERAL_NULL_CONVERSION = YES;
				CLANG_WARN_OBJC_IMPLICIT_RETAIN_SELF = YES;
				CLANG_WARN_OBJC_LITERAL_CONVERSION = YES;
				CLANG_WARN_OBJC_ROOT_CLASS = YES_ERROR;
				CLANG_WARN_RANGE_LOOP_ANALYSIS = YES;
				CLANG_WARN_STRICT_PROTOTYPES = YES;
				CLANG_WARN_SUSPICIOUS_MOVE = YES;
				CLANG_WARN_UNGUARDED_AVAILABILITY = YES_AGGRESSIVE;
				CLANG_WARN_UNREACHABLE_CODE = YES;
				CLANG_WARN__DUPLICATE_METHOD_MATCH = YES;
				CODE_SIGN_IDENTITY = "iPhone Developer";
				COPY_PHASE_STRIP = NO;
				DEBUG_INFORMATION_FORMAT = dwarf;
				ENABLE_STRICT_OBJC_MSGSEND = YES;
				ENABLE_TESTABILITY = YES;
				GCC_C_LANGUAGE_STANDARD = gnu11;
				GCC_DYNAMIC_NO_PIC = NO;
				GCC_NO_COMMON_BLOCKS = YES;
				GCC_OPTIMIZATION_LEVEL = 0;
				GCC_PREPROCESSOR_DEFINITIONS = (
					"DEBUG=1",
					"$(inherited)",
				);
				GCC_WARN_64_TO_32_BIT_CONVERSION = YES;
				GCC_WARN_ABOUT_RETURN_TYPE = YES_ERROR;
				GCC_WARN_UNDECLARED_SELECTOR = YES;
				GCC_WARN_UNINITIALIZED_AUTOS = YES_AGGRESSIVE;
				GCC_WARN_UNUSED_FUNCTION = YES;
				GCC_WARN_UNUSED_VARIABLE = YES;
				IPHONEOS_DEPLOYMENT_TARGET = 12.0;
				MTL_ENABLE_DEBUG_INFO = INCLUDE_SOURCE;
				MTL_FAST_MATH = YES;
				ONLY_ACTIVE_ARCH = YES;
				SDKROOT = iphoneos;
				SWIFT_ACTIVE_COMPILATION_CONDITIONS = DEBUG;
				SWIFT_OPTIMIZATION_LEVEL = "-Onone";
			};
			name = Debug;
		};
		522937EA23862D2B00D330F9 /* Release */ = {
			isa = XCBuildConfiguration;
			buildSettings = {
				ALWAYS_SEARCH_USER_PATHS = NO;
				CLANG_ANALYZER_NONNULL = YES;
				CLANG_ANALYZER_NUMBER_OBJECT_CONVERSION = YES_AGGRESSIVE;
				CLANG_CXX_LANGUAGE_STANDARD = "gnu++14";
				CLANG_CXX_LIBRARY = "libc++";
				CLANG_ENABLE_MODULES = YES;
				CLANG_ENABLE_OBJC_ARC = YES;
				CLANG_ENABLE_OBJC_WEAK = YES;
				CLANG_WARN_BLOCK_CAPTURE_AUTORELEASING = YES;
				CLANG_WARN_BOOL_CONVERSION = YES;
				CLANG_WARN_COMMA = YES;
				CLANG_WARN_CONSTANT_CONVERSION = YES;
				CLANG_WARN_DEPRECATED_OBJC_IMPLEMENTATIONS = YES;
				CLANG_WARN_DIRECT_OBJC_ISA_USAGE = YES_ERROR;
				CLANG_WARN_DOCUMENTATION_COMMENTS = YES;
				CLANG_WARN_EMPTY_BODY = YES;
				CLANG_WARN_ENUM_CONVERSION = YES;
				CLANG_WARN_INFINITE_RECURSION = YES;
				CLANG_WARN_INT_CONVERSION = YES;
				CLANG_WARN_NON_LITERAL_NULL_CONVERSION = YES;
				CLANG_WARN_OBJC_IMPLICIT_RETAIN_SELF = YES;
				CLANG_WARN_OBJC_LITERAL_CONVERSION = YES;
				CLANG_WARN_OBJC_ROOT_CLASS = YES_ERROR;
				CLANG_WARN_RANGE_LOOP_ANALYSIS = YES;
				CLANG_WARN_STRICT_PROTOTYPES = YES;
				CLANG_WARN_SUSPICIOUS_MOVE = YES;
				CLANG_WARN_UNGUARDED_AVAILABILITY = YES_AGGRESSIVE;
				CLANG_WARN_UNREACHABLE_CODE = YES;
				CLANG_WARN__DUPLICATE_METHOD_MATCH = YES;
				CODE_SIGN_IDENTITY = "iPhone Developer";
				COPY_PHASE_STRIP = NO;
				DEBUG_INFORMATION_FORMAT = "dwarf-with-dsym";
				ENABLE_NS_ASSERTIONS = NO;
				ENABLE_STRICT_OBJC_MSGSEND = YES;
				GCC_C_LANGUAGE_STANDARD = gnu11;
				GCC_NO_COMMON_BLOCKS = YES;
				GCC_WARN_64_TO_32_BIT_CONVERSION = YES;
				GCC_WARN_ABOUT_RETURN_TYPE = YES_ERROR;
				GCC_WARN_UNDECLARED_SELECTOR = YES;
				GCC_WARN_UNINITIALIZED_AUTOS = YES_AGGRESSIVE;
				GCC_WARN_UNUSED_FUNCTION = YES;
				GCC_WARN_UNUSED_VARIABLE = YES;
				IPHONEOS_DEPLOYMENT_TARGET = 12.0;
				MTL_ENABLE_DEBUG_INFO = NO;
				MTL_FAST_MATH = YES;
				SDKROOT = iphoneos;
				SWIFT_COMPILATION_MODE = wholemodule;
				SWIFT_OPTIMIZATION_LEVEL = "-O";
				VALIDATE_PRODUCT = YES;
			};
			name = Release;
		};
		522937EC23862D2B00D330F9 /* Debug */ = {
			isa = XCBuildConfiguration;
			buildSettings = {
				ASSETCATALOG_COMPILER_APPICON_NAME = AppIcon;
				CODE_SIGN_STYLE = Automatic;
				INFOPLIST_FILE = SwiftLearning/Info.plist;
				LD_RUNPATH_SEARCH_PATHS = (
					"$(inherited)",
					"@executable_path/Frameworks",
				);
				PRODUCT_BUNDLE_IDENTIFIER = test.SwiftLearning;
				PRODUCT_NAME = "$(TARGET_NAME)";
				SWIFT_VERSION = 4.2;
				TARGETED_DEVICE_FAMILY = "1,2";
			};
			name = Debug;
		};
		522937ED23862D2B00D330F9 /* Release */ = {
			isa = XCBuildConfiguration;
			buildSettings = {
				ASSETCATALOG_COMPILER_APPICON_NAME = AppIcon;
				CODE_SIGN_STYLE = Automatic;
				INFOPLIST_FILE = SwiftLearning/Info.plist;
				LD_RUNPATH_SEARCH_PATHS = (
					"$(inherited)",
					"@executable_path/Frameworks",
				);
				PRODUCT_BUNDLE_IDENTIFIER = test.SwiftLearning;
				PRODUCT_NAME = "$(TARGET_NAME)";
				SWIFT_VERSION = 4.2;
				TARGETED_DEVICE_FAMILY = "1,2";
			};
			name = Release;
		};
		522937EF23862D2B00D330F9 /* Debug */ = {
			isa = XCBuildConfiguration;
			buildSettings = {
				ALWAYS_EMBED_SWIFT_STANDARD_LIBRARIES = YES;
				BUNDLE_LOADER = "$(TEST_HOST)";
				CODE_SIGN_STYLE = Automatic;
				INFOPLIST_FILE = SwiftLearningTests/Info.plist;
				LD_RUNPATH_SEARCH_PATHS = (
					"$(inherited)",
					"@executable_path/Frameworks",
					"@loader_path/Frameworks",
				);
				PRODUCT_BUNDLE_IDENTIFIER = test.SwiftLearningTests;
				PRODUCT_NAME = "$(TARGET_NAME)";
				SWIFT_VERSION = 4.2;
				TARGETED_DEVICE_FAMILY = "1,2";
				TEST_HOST = "$(BUILT_PRODUCTS_DIR)/SwiftLearning.app/SwiftLearning";
			};
			name = Debug;
		};
		522937F023862D2B00D330F9 /* Release */ = {
			isa = XCBuildConfiguration;
			buildSettings = {
				ALWAYS_EMBED_SWIFT_STANDARD_LIBRARIES = YES;
				BUNDLE_LOADER = "$(TEST_HOST)";
				CODE_SIGN_STYLE = Automatic;
				INFOPLIST_FILE = SwiftLearningTests/Info.plist;
				LD_RUNPATH_SEARCH_PATHS = (
					"$(inherited)",
					"@executable_path/Frameworks",
					"@loader_path/Frameworks",
				);
				PRODUCT_BUNDLE_IDENTIFIER = test.SwiftLearningTests;
				PRODUCT_NAME = "$(TARGET_NAME)";
				SWIFT_VERSION = 4.2;
				TARGETED_DEVICE_FAMILY = "1,2";
				TEST_HOST = "$(BUILT_PRODUCTS_DIR)/SwiftLearning.app/SwiftLearning";
			};
			name = Release;
		};
		522937F223862D2B00D330F9 /* Debug */ = {
			isa = XCBuildConfiguration;
			buildSettings = {
				ALWAYS_EMBED_SWIFT_STANDARD_LIBRARIES = YES;
				CODE_SIGN_STYLE = Automatic;
				INFOPLIST_FILE = SwiftLearningUITests/Info.plist;
				LD_RUNPATH_SEARCH_PATHS = (
					"$(inherited)",
					"@executable_path/Frameworks",
					"@loader_path/Frameworks",
				);
				PRODUCT_BUNDLE_IDENTIFIER = test.SwiftLearningUITests;
				PRODUCT_NAME = "$(TARGET_NAME)";
				SWIFT_VERSION = 4.2;
				TARGETED_DEVICE_FAMILY = "1,2";
				TEST_TARGET_NAME = SwiftLearning;
			};
			name = Debug;
		};
		522937F323862D2B00D330F9 /* Release */ = {
			isa = XCBuildConfiguration;
			buildSettings = {
				ALWAYS_EMBED_SWIFT_STANDARD_LIBRARIES = YES;
				CODE_SIGN_STYLE = Automatic;
				INFOPLIST_FILE = SwiftLearningUITests/Info.plist;
				LD_RUNPATH_SEARCH_PATHS = (
					"$(inherited)",
					"@executable_path/Frameworks",
					"@loader_path/Frameworks",
				);
				PRODUCT_BUNDLE_IDENTIFIER = test.SwiftLearningUITests;
				PRODUCT_NAME = "$(TARGET_NAME)";
				SWIFT_VERSION = 4.2;
				TARGETED_DEVICE_FAMILY = "1,2";
				TEST_TARGET_NAME = SwiftLearning;
			};
			name = Release;
		};
/* End XCBuildConfiguration section */

/* Begin XCConfigurationList section */
		522937BB23862D2A00D330F9 /* Build configuration list for PBXProject "SwiftLearning" */ = {
			isa = XCConfigurationList;
			buildConfigurations = (
				522937E923862D2B00D330F9 /* Debug */,
				522937EA23862D2B00D330F9 /* Release */,
			);
			defaultConfigurationIsVisible = 0;
			defaultConfigurationName = Release;
		};
		522937EB23862D2B00D330F9 /* Build configuration list for PBXNativeTarget "SwiftLearning" */ = {
			isa = XCConfigurationList;
			buildConfigurations = (
				522937EC23862D2B00D330F9 /* Debug */,
				522937ED23862D2B00D330F9 /* Release */,
			);
			defaultConfigurationIsVisible = 0;
			defaultConfigurationName = Release;
		};
		522937EE23862D2B00D330F9 /* Build configuration list for PBXNativeTarget "SwiftLearningTests" */ = {
			isa = XCConfigurationList;
			buildConfigurations = (
				522937EF23862D2B00D330F9 /* Debug */,
				522937F023862D2B00D330F9 /* Release */,
			);
			defaultConfigurationIsVisible = 0;
			defaultConfigurationName = Release;
		};
		522937F123862D2B00D330F9 /* Build configuration list for PBXNativeTarget "SwiftLearningUITests" */ = {
			isa = XCConfigurationList;
			buildConfigurations = (
				522937F223862D2B00D330F9 /* Debug */,
				522937F323862D2B00D330F9 /* Release */,
			);
			defaultConfigurationIsVisible = 0;
			defaultConfigurationName = Release;
		};
/* End XCConfigurationList section */

/* Begin XCVersionGroup section */
		522937CA23862D2A00D330F9 /* SwiftLearning.xcdatamodeld */ = {
			isa = XCVersionGroup;
			children = (
				522937CB23862D2A00D330F9 /* SwiftLearning.xcdatamodel */,
			);
			currentVersion = 522937CB23862D2A00D330F9 /* SwiftLearning.xcdatamodel */;
			path = SwiftLearning.xcdatamodeld;
			sourceTree = "<group>";
			versionGroupType = wrapper.xcdatamodel;
		};
/* End XCVersionGroup section */
	};
	rootObject = 522937B823862D2A00D330F9 /* Project object */;
}
